
Microsoft Visual Studio Solution File, Format Version 12.00
# Visual Studio Version 17
VisualStudioVersion = 17.13.35825.156
MinimumVisualStudioVersion = 10.0.40219.1
Project("{2150E333-8FDC-42A3-9474-1A3956D46DE8}") = "API", "API", "{02EA681E-C7D8-13C7-8484-4AC65E1B71E8}"
EndProject
Project("{54A90642-561A-4BB1-A94E-469ADEE60C69}") = "intranet", "Intranet\intranet.esproj", "{E55633B1-3D3A-4B57-2C3E-F24A5A10FC2E}"
EndProject
Project("{54A90642-561A-4BB1-A94E-469ADEE60C69}") = "portal", "Portal\portal.esproj", "{CDA2A18F-B507-BD46-51EA-BC4557636C57}"
EndProject
Project("{FAE04EC0-301F-11D3-BF4B-00C04F79EFBC}") = "KeyOrderAPI", "KeyOrderAPI\KeyOrderAPI.csproj", "{F644254A-4505-4C12-A6C2-005EF82E830F}"
EndProject
Global
	GlobalSection(SolutionConfigurationPlatforms) = preSolution
		Debug|Any CPU = Debug|Any CPU
		Release|Any CPU = Release|Any CPU
	EndGlobalSection
	GlobalSection(ProjectConfigurationPlatforms) = postSolution
		{E55633B1-3D3A-4B57-2C3E-F24A5A10FC2E}.Debug|Any CPU.ActiveCfg = Debug|Any CPU
		{E55633B1-3D3A-4B57-2C3E-F24A5A10FC2E}.Debug|Any CPU.Build.0 = Debug|Any CPU
		{E55633B1-3D3A-4B57-2C3E-F24A5A10FC2E}.Debug|Any CPU.Deploy.0 = Debug|Any CPU
		{E55633B1-3D3A-4B57-2C3E-F24A5A10FC2E}.Release|Any CPU.ActiveCfg = Release|Any CPU
		{E55633B1-3D3A-4B57-2C3E-F24A5A10FC2E}.Release|Any CPU.Build.0 = Release|Any CPU
		{E55633B1-3D3A-4B57-2C3E-F24A5A10FC2E}.Release|Any CPU.Deploy.0 = Release|Any CPU
		{CDA2A18F-B507-BD46-51EA-BC4557636C57}.Debug|Any CPU.ActiveCfg = Debug|Any CPU
		{CDA2A18F-B507-BD46-51EA-BC4557636C57}.Debug|Any CPU.Build.0 = Debug|Any CPU
		{CDA2A18F-B507-BD46-51EA-BC4557636C57}.Debug|Any CPU.Deploy.0 = Debug|Any CPU
		{CDA2A18F-B507-BD46-51EA-BC4557636C57}.Release|Any CPU.ActiveCfg = Release|Any CPU
		{CDA2A18F-B507-BD46-51EA-BC4557636C57}.Release|Any CPU.Build.0 = Release|Any CPU
		{CDA2A18F-B507-BD46-51EA-BC4557636C57}.Release|Any CPU.Deploy.0 = Release|Any CPU
		{F644254A-4505-4C12-A6C2-005EF82E830F}.Debug|Any CPU.ActiveCfg = Debug|Any CPU
		{F644254A-4505-4C12-A6C2-005EF82E830F}.Debug|Any CPU.Build.0 = Debug|Any CPU
		{F644254A-4505-4C12-A6C2-005EF82E830F}.Release|Any CPU.ActiveCfg = Release|Any CPU
		{F644254A-4505-4C12-A6C2-005EF82E830F}.Release|Any CPU.Build.0 = Release|Any CPU
	EndGlobalSection
	GlobalSection(SolutionProperties) = preSolution
		HideSolutionNode = FALSE
	EndGlobalSection
	GlobalSection(NestedProjects) = preSolution
		{F644254A-4505-4C12-A6C2-005EF82E830F} = {02EA681E-C7D8-13C7-8484-4AC65E1B71E8}
	EndGlobalSection
	GlobalSection(ExtensibilityGlobals) = postSolution
		SolutionGuid = {01162426-431D-43DF-A0F8-6DA7C13A47C7}
	EndGlobalSection
EndGlobal
